// !$*UTF8*$!
{
	archiveVersion = 1;
	classes = {
	};
	objectVersion = 46;
	objects = {

/* Begin PBXBuildFile section */
		070038A41AC8E31C00D66803 /* InitialSignUpViewController.swift in Sources */ = {isa = PBXBuildFile; fileRef = 070038A31AC8E31C00D66803 /* InitialSignUpViewController.swift */; };
		0711666C1AC5FB0C003CA473 /* PKNotification.swift in Sources */ = {isa = PBXBuildFile; fileRef = 0711666B1AC5FB0C003CA473 /* PKNotification.swift */; };
		0711667C1AC60AD9003CA473 /* Alamofire.framework in Frameworks */ = {isa = PBXBuildFile; fileRef = 071166751AC60A93003CA473 /* Alamofire.framework */; };
		0711667D1AC60AD9003CA473 /* Alamofire.framework in Embed Frameworks */ = {isa = PBXBuildFile; fileRef = 071166751AC60A93003CA473 /* Alamofire.framework */; settings = {ATTRIBUTES = (CodeSignOnCopy, RemoveHeadersOnCopy, ); }; };
		071166821AC60CBF003CA473 /* SwiftyJSON.swift in Sources */ = {isa = PBXBuildFile; fileRef = 071166811AC60CBF003CA473 /* SwiftyJSON.swift */; };
		07442B4E1AC100D000C51939 /* MainViewController.swift in Sources */ = {isa = PBXBuildFile; fileRef = 07442B4D1AC100D000C51939 /* MainViewController.swift */; };
		074C6B5A1AC247FE00709BC5 /* SignUpViewController.swift in Sources */ = {isa = PBXBuildFile; fileRef = 074C6B591AC247FE00709BC5 /* SignUpViewController.swift */; };
		07872DC01AB7366800190F5C /* AppDelegate.swift in Sources */ = {isa = PBXBuildFile; fileRef = 07872DBF1AB7366800190F5C /* AppDelegate.swift */; };
		07872DC51AB7366800190F5C /* Main.storyboard in Resources */ = {isa = PBXBuildFile; fileRef = 07872DC31AB7366800190F5C /* Main.storyboard */; };
		07872DC71AB7366800190F5C /* Images.xcassets in Resources */ = {isa = PBXBuildFile; fileRef = 07872DC61AB7366800190F5C /* Images.xcassets */; };
		07872DCA1AB7366800190F5C /* LaunchScreen.xib in Resources */ = {isa = PBXBuildFile; fileRef = 07872DC81AB7366800190F5C /* LaunchScreen.xib */; };
		07872DD61AB7366800190F5C /* MateFixTests.swift in Sources */ = {isa = PBXBuildFile; fileRef = 07872DD51AB7366800190F5C /* MateFixTests.swift */; };
		4054655C1ABCC18B00D2832F /* LoginViewController.swift in Sources */ = {isa = PBXBuildFile; fileRef = 4054655B1ABCC18B00D2832F /* LoginViewController.swift */; };
		4054657B1ABCC4A200D2832F /* AsyncButton.swift in Sources */ = {isa = PBXBuildFile; fileRef = 4054655E1ABCC4A200D2832F /* AsyncButton.swift */; };
		4054657C1ABCC4A200D2832F /* AsyncImageView.swift in Sources */ = {isa = PBXBuildFile; fileRef = 4054655F1ABCC4A200D2832F /* AsyncImageView.swift */; };
		4054657D1ABCC4A200D2832F /* BlurView.swift in Sources */ = {isa = PBXBuildFile; fileRef = 405465601ABCC4A200D2832F /* BlurView.swift */; };
		4054657E1ABCC4A200D2832F /* DesignableButton.swift in Sources */ = {isa = PBXBuildFile; fileRef = 405465611ABCC4A200D2832F /* DesignableButton.swift */; };
		4054657F1ABCC4A200D2832F /* DesignableImageView.swift in Sources */ = {isa = PBXBuildFile; fileRef = 405465621ABCC4A200D2832F /* DesignableImageView.swift */; };
		405465801ABCC4A200D2832F /* DesignableLabel.swift in Sources */ = {isa = PBXBuildFile; fileRef = 405465631ABCC4A200D2832F /* DesignableLabel.swift */; };
		405465811ABCC4A200D2832F /* DesignableTabBarController.swift in Sources */ = {isa = PBXBuildFile; fileRef = 405465641ABCC4A200D2832F /* DesignableTabBarController.swift */; };
		405465821ABCC4A200D2832F /* DesignableTextField.swift in Sources */ = {isa = PBXBuildFile; fileRef = 405465651ABCC4A200D2832F /* DesignableTextField.swift */; };
		405465831ABCC4A200D2832F /* DesignableTextView.swift in Sources */ = {isa = PBXBuildFile; fileRef = 405465661ABCC4A200D2832F /* DesignableTextView.swift */; };
		405465841ABCC4A200D2832F /* DesignableView.swift in Sources */ = {isa = PBXBuildFile; fileRef = 405465671ABCC4A200D2832F /* DesignableView.swift */; };
		405465851ABCC4A200D2832F /* ImageLoader.swift in Sources */ = {isa = PBXBuildFile; fileRef = 405465681ABCC4A200D2832F /* ImageLoader.swift */; };
		405465861ABCC4A200D2832F /* Info.plist in Resources */ = {isa = PBXBuildFile; fileRef = 405465691ABCC4A200D2832F /* Info.plist */; };
		405465871ABCC4A200D2832F /* KeyboardLayoutConstraint.swift in Sources */ = {isa = PBXBuildFile; fileRef = 4054656A1ABCC4A200D2832F /* KeyboardLayoutConstraint.swift */; };
		405465881ABCC4A200D2832F /* LoadingView.swift in Sources */ = {isa = PBXBuildFile; fileRef = 4054656B1ABCC4A200D2832F /* LoadingView.swift */; };
		405465891ABCC4A200D2832F /* LoadingView.xib in Resources */ = {isa = PBXBuildFile; fileRef = 4054656C1ABCC4A200D2832F /* LoadingView.xib */; };
		4054658A1ABCC4A200D2832F /* Misc.swift in Sources */ = {isa = PBXBuildFile; fileRef = 4054656D1ABCC4A200D2832F /* Misc.swift */; };
		4054658B1ABCC4A200D2832F /* SoundPlayer.swift in Sources */ = {isa = PBXBuildFile; fileRef = 4054656E1ABCC4A200D2832F /* SoundPlayer.swift */; };
		4054658C1ABCC4A200D2832F /* Spring.swift in Sources */ = {isa = PBXBuildFile; fileRef = 405465701ABCC4A200D2832F /* Spring.swift */; };
		4054658D1ABCC4A200D2832F /* SpringAnimation.swift in Sources */ = {isa = PBXBuildFile; fileRef = 405465711ABCC4A200D2832F /* SpringAnimation.swift */; };
		4054658E1ABCC4A200D2832F /* SpringButton.swift in Sources */ = {isa = PBXBuildFile; fileRef = 405465721ABCC4A200D2832F /* SpringButton.swift */; };
		4054658F1ABCC4A200D2832F /* SpringImageView.swift in Sources */ = {isa = PBXBuildFile; fileRef = 405465731ABCC4A200D2832F /* SpringImageView.swift */; };
		405465901ABCC4A200D2832F /* SpringLabel.swift in Sources */ = {isa = PBXBuildFile; fileRef = 405465741ABCC4A200D2832F /* SpringLabel.swift */; };
		405465911ABCC4A200D2832F /* SpringTextField.swift in Sources */ = {isa = PBXBuildFile; fileRef = 405465751ABCC4A200D2832F /* SpringTextField.swift */; };
		405465921ABCC4A200D2832F /* SpringTextView.swift in Sources */ = {isa = PBXBuildFile; fileRef = 405465761ABCC4A200D2832F /* SpringTextView.swift */; };
		405465931ABCC4A200D2832F /* SpringView.swift in Sources */ = {isa = PBXBuildFile; fileRef = 405465771ABCC4A200D2832F /* SpringView.swift */; };
		405465941ABCC4A200D2832F /* TransitionManager.swift in Sources */ = {isa = PBXBuildFile; fileRef = 405465781ABCC4A200D2832F /* TransitionManager.swift */; };
		405465951ABCC4A200D2832F /* TransitionZoom.swift in Sources */ = {isa = PBXBuildFile; fileRef = 405465791ABCC4A200D2832F /* TransitionZoom.swift */; };
		405465961ABCC4A200D2832F /* UnwindSegue.swift in Sources */ = {isa = PBXBuildFile; fileRef = 4054657A1ABCC4A200D2832F /* UnwindSegue.swift */; };
/* End PBXBuildFile section */

/* Begin PBXContainerItemProxy section */
		071166741AC60A93003CA473 /* PBXContainerItemProxy */ = {
			isa = PBXContainerItemProxy;
			containerPortal = 0711666D1AC60A93003CA473 /* Alamofire.xcodeproj */;
			proxyType = 2;
			remoteGlobalIDString = F8111E3319A95C8B0040E7D1;
			remoteInfo = "Alamofire iOS";
		};
		071166761AC60A93003CA473 /* PBXContainerItemProxy */ = {
			isa = PBXContainerItemProxy;
			containerPortal = 0711666D1AC60A93003CA473 /* Alamofire.xcodeproj */;
			proxyType = 2;
			remoteGlobalIDString = 4DD67C0B1A5C55C900ED2280;
			remoteInfo = "Alamofire OSX";
		};
		071166781AC60A93003CA473 /* PBXContainerItemProxy */ = {
			isa = PBXContainerItemProxy;
			containerPortal = 0711666D1AC60A93003CA473 /* Alamofire.xcodeproj */;
			proxyType = 2;
			remoteGlobalIDString = F8111E3E19A95C8B0040E7D1;
			remoteInfo = "Alamofire iOS Tests";
		};
		0711667A1AC60A93003CA473 /* PBXContainerItemProxy */ = {
			isa = PBXContainerItemProxy;
			containerPortal = 0711666D1AC60A93003CA473 /* Alamofire.xcodeproj */;
			proxyType = 2;
			remoteGlobalIDString = F829C6B21A7A94F100A2CD59;
			remoteInfo = "Alamofire OSX Tests";
		};
		0711667E1AC60AD9003CA473 /* PBXContainerItemProxy */ = {
			isa = PBXContainerItemProxy;
			containerPortal = 0711666D1AC60A93003CA473 /* Alamofire.xcodeproj */;
			proxyType = 1;
			remoteGlobalIDString = F8111E3219A95C8B0040E7D1;
			remoteInfo = "Alamofire iOS";
		};
		07872DD01AB7366800190F5C /* PBXContainerItemProxy */ = {
			isa = PBXContainerItemProxy;
			containerPortal = 07872DB21AB7366800190F5C /* Project object */;
			proxyType = 1;
			remoteGlobalIDString = 07872DB91AB7366800190F5C;
			remoteInfo = MateFix;
		};
/* End PBXContainerItemProxy section */

/* Begin PBXCopyFilesBuildPhase section */
		071166801AC60AD9003CA473 /* Embed Frameworks */ = {
			isa = PBXCopyFilesBuildPhase;
			buildActionMask = 2147483647;
			dstPath = "";
			dstSubfolderSpec = 10;
			files = (
				0711667D1AC60AD9003CA473 /* Alamofire.framework in Embed Frameworks */,
			);
			name = "Embed Frameworks";
			runOnlyForDeploymentPostprocessing = 0;
		};
/* End PBXCopyFilesBuildPhase section */

/* Begin PBXFileReference section */
		070038A31AC8E31C00D66803 /* InitialSignUpViewController.swift */ = {isa = PBXFileReference; fileEncoding = 4; lastKnownFileType = sourcecode.swift; path = InitialSignUpViewController.swift; sourceTree = "<group>"; };
		0711666B1AC5FB0C003CA473 /* PKNotification.swift */ = {isa = PBXFileReference; fileEncoding = 4; lastKnownFileType = sourcecode.swift; path = PKNotification.swift; sourceTree = "<group>"; };
		0711666D1AC60A93003CA473 /* Alamofire.xcodeproj */ = {isa = PBXFileReference; lastKnownFileType = "wrapper.pb-project"; name = Alamofire.xcodeproj; path = "Alamofire-master/Alamofire.xcodeproj"; sourceTree = "<group>"; };
		071166811AC60CBF003CA473 /* SwiftyJSON.swift */ = {isa = PBXFileReference; fileEncoding = 4; lastKnownFileType = sourcecode.swift; path = SwiftyJSON.swift; sourceTree = "<group>"; };
		07442B4D1AC100D000C51939 /* MainViewController.swift */ = {isa = PBXFileReference; fileEncoding = 4; lastKnownFileType = sourcecode.swift; path = MainViewController.swift; sourceTree = "<group>"; };
		074C6B591AC247FE00709BC5 /* SignUpViewController.swift */ = {isa = PBXFileReference; fileEncoding = 4; lastKnownFileType = sourcecode.swift; path = SignUpViewController.swift; sourceTree = "<group>"; };
		07872DBA1AB7366800190F5C /* MateFix.app */ = {isa = PBXFileReference; explicitFileType = wrapper.application; includeInIndex = 0; path = MateFix.app; sourceTree = BUILT_PRODUCTS_DIR; };
		07872DBE1AB7366800190F5C /* Info.plist */ = {isa = PBXFileReference; lastKnownFileType = text.plist.xml; path = Info.plist; sourceTree = "<group>"; };
		07872DBF1AB7366800190F5C /* AppDelegate.swift */ = {isa = PBXFileReference; lastKnownFileType = sourcecode.swift; path = AppDelegate.swift; sourceTree = "<group>"; };
		07872DC41AB7366800190F5C /* Base */ = {isa = PBXFileReference; lastKnownFileType = file.storyboard; name = Base; path = Base.lproj/Main.storyboard; sourceTree = "<group>"; };
		07872DC61AB7366800190F5C /* Images.xcassets */ = {isa = PBXFileReference; lastKnownFileType = folder.assetcatalog; path = Images.xcassets; sourceTree = "<group>"; };
		07872DC91AB7366800190F5C /* Base */ = {isa = PBXFileReference; lastKnownFileType = file.xib; name = Base; path = Base.lproj/LaunchScreen.xib; sourceTree = "<group>"; };
		07872DCF1AB7366800190F5C /* MateFixTests.xctest */ = {isa = PBXFileReference; explicitFileType = wrapper.cfbundle; includeInIndex = 0; path = MateFixTests.xctest; sourceTree = BUILT_PRODUCTS_DIR; };
		07872DD41AB7366800190F5C /* Info.plist */ = {isa = PBXFileReference; lastKnownFileType = text.plist.xml; path = Info.plist; sourceTree = "<group>"; };
		07872DD51AB7366800190F5C /* MateFixTests.swift */ = {isa = PBXFileReference; lastKnownFileType = sourcecode.swift; path = MateFixTests.swift; sourceTree = "<group>"; };
		4054655B1ABCC18B00D2832F /* LoginViewController.swift */ = {isa = PBXFileReference; fileEncoding = 4; lastKnownFileType = sourcecode.swift; path = LoginViewController.swift; sourceTree = "<group>"; };
		4054655E1ABCC4A200D2832F /* AsyncButton.swift */ = {isa = PBXFileReference; fileEncoding = 4; lastKnownFileType = sourcecode.swift; path = AsyncButton.swift; sourceTree = "<group>"; };
		4054655F1ABCC4A200D2832F /* AsyncImageView.swift */ = {isa = PBXFileReference; fileEncoding = 4; lastKnownFileType = sourcecode.swift; path = AsyncImageView.swift; sourceTree = "<group>"; };
		405465601ABCC4A200D2832F /* BlurView.swift */ = {isa = PBXFileReference; fileEncoding = 4; lastKnownFileType = sourcecode.swift; path = BlurView.swift; sourceTree = "<group>"; };
		405465611ABCC4A200D2832F /* DesignableButton.swift */ = {isa = PBXFileReference; fileEncoding = 4; lastKnownFileType = sourcecode.swift; path = DesignableButton.swift; sourceTree = "<group>"; };
		405465621ABCC4A200D2832F /* DesignableImageView.swift */ = {isa = PBXFileReference; fileEncoding = 4; lastKnownFileType = sourcecode.swift; path = DesignableImageView.swift; sourceTree = "<group>"; };
		405465631ABCC4A200D2832F /* DesignableLabel.swift */ = {isa = PBXFileReference; fileEncoding = 4; lastKnownFileType = sourcecode.swift; path = DesignableLabel.swift; sourceTree = "<group>"; };
		405465641ABCC4A200D2832F /* DesignableTabBarController.swift */ = {isa = PBXFileReference; fileEncoding = 4; lastKnownFileType = sourcecode.swift; path = DesignableTabBarController.swift; sourceTree = "<group>"; };
		405465651ABCC4A200D2832F /* DesignableTextField.swift */ = {isa = PBXFileReference; fileEncoding = 4; lastKnownFileType = sourcecode.swift; path = DesignableTextField.swift; sourceTree = "<group>"; };
		405465661ABCC4A200D2832F /* DesignableTextView.swift */ = {isa = PBXFileReference; fileEncoding = 4; lastKnownFileType = sourcecode.swift; path = DesignableTextView.swift; sourceTree = "<group>"; };
		405465671ABCC4A200D2832F /* DesignableView.swift */ = {isa = PBXFileReference; fileEncoding = 4; lastKnownFileType = sourcecode.swift; path = DesignableView.swift; sourceTree = "<group>"; };
		405465681ABCC4A200D2832F /* ImageLoader.swift */ = {isa = PBXFileReference; fileEncoding = 4; lastKnownFileType = sourcecode.swift; path = ImageLoader.swift; sourceTree = "<group>"; };
		405465691ABCC4A200D2832F /* Info.plist */ = {isa = PBXFileReference; fileEncoding = 4; lastKnownFileType = text.plist.xml; path = Info.plist; sourceTree = "<group>"; };
		4054656A1ABCC4A200D2832F /* KeyboardLayoutConstraint.swift */ = {isa = PBXFileReference; fileEncoding = 4; lastKnownFileType = sourcecode.swift; path = KeyboardLayoutConstraint.swift; sourceTree = "<group>"; };
		4054656B1ABCC4A200D2832F /* LoadingView.swift */ = {isa = PBXFileReference; fileEncoding = 4; lastKnownFileType = sourcecode.swift; path = LoadingView.swift; sourceTree = "<group>"; };
		4054656C1ABCC4A200D2832F /* LoadingView.xib */ = {isa = PBXFileReference; fileEncoding = 4; lastKnownFileType = file.xib; path = LoadingView.xib; sourceTree = "<group>"; };
		4054656D1ABCC4A200D2832F /* Misc.swift */ = {isa = PBXFileReference; fileEncoding = 4; lastKnownFileType = sourcecode.swift; path = Misc.swift; sourceTree = "<group>"; };
		4054656E1ABCC4A200D2832F /* SoundPlayer.swift */ = {isa = PBXFileReference; fileEncoding = 4; lastKnownFileType = sourcecode.swift; path = SoundPlayer.swift; sourceTree = "<group>"; };
		4054656F1ABCC4A200D2832F /* Spring.h */ = {isa = PBXFileReference; fileEncoding = 4; lastKnownFileType = sourcecode.c.h; path = Spring.h; sourceTree = "<group>"; };
		405465701ABCC4A200D2832F /* Spring.swift */ = {isa = PBXFileReference; fileEncoding = 4; lastKnownFileType = sourcecode.swift; path = Spring.swift; sourceTree = "<group>"; };
		405465711ABCC4A200D2832F /* SpringAnimation.swift */ = {isa = PBXFileReference; fileEncoding = 4; lastKnownFileType = sourcecode.swift; path = SpringAnimation.swift; sourceTree = "<group>"; };
		405465721ABCC4A200D2832F /* SpringButton.swift */ = {isa = PBXFileReference; fileEncoding = 4; lastKnownFileType = sourcecode.swift; path = SpringButton.swift; sourceTree = "<group>"; };
		405465731ABCC4A200D2832F /* SpringImageView.swift */ = {isa = PBXFileReference; fileEncoding = 4; lastKnownFileType = sourcecode.swift; path = SpringImageView.swift; sourceTree = "<group>"; };
		405465741ABCC4A200D2832F /* SpringLabel.swift */ = {isa = PBXFileReference; fileEncoding = 4; lastKnownFileType = sourcecode.swift; path = SpringLabel.swift; sourceTree = "<group>"; };
		405465751ABCC4A200D2832F /* SpringTextField.swift */ = {isa = PBXFileReference; fileEncoding = 4; lastKnownFileType = sourcecode.swift; path = SpringTextField.swift; sourceTree = "<group>"; };
		405465761ABCC4A200D2832F /* SpringTextView.swift */ = {isa = PBXFileReference; fileEncoding = 4; lastKnownFileType = sourcecode.swift; path = SpringTextView.swift; sourceTree = "<group>"; };
		405465771ABCC4A200D2832F /* SpringView.swift */ = {isa = PBXFileReference; fileEncoding = 4; lastKnownFileType = sourcecode.swift; path = SpringView.swift; sourceTree = "<group>"; };
		405465781ABCC4A200D2832F /* TransitionManager.swift */ = {isa = PBXFileReference; fileEncoding = 4; lastKnownFileType = sourcecode.swift; path = TransitionManager.swift; sourceTree = "<group>"; };
		405465791ABCC4A200D2832F /* TransitionZoom.swift */ = {isa = PBXFileReference; fileEncoding = 4; lastKnownFileType = sourcecode.swift; path = TransitionZoom.swift; sourceTree = "<group>"; };
		4054657A1ABCC4A200D2832F /* UnwindSegue.swift */ = {isa = PBXFileReference; fileEncoding = 4; lastKnownFileType = sourcecode.swift; path = UnwindSegue.swift; sourceTree = "<group>"; };
/* End PBXFileReference section */

/* Begin PBXFrameworksBuildPhase section */
		07872DB71AB7366800190F5C /* Frameworks */ = {
			isa = PBXFrameworksBuildPhase;
			buildActionMask = 2147483647;
			files = (
				0711667C1AC60AD9003CA473 /* Alamofire.framework in Frameworks */,
			);
			runOnlyForDeploymentPostprocessing = 0;
		};
		07872DCC1AB7366800190F5C /* Frameworks */ = {
			isa = PBXFrameworksBuildPhase;
			buildActionMask = 2147483647;
			files = (
			);
			runOnlyForDeploymentPostprocessing = 0;
		};
/* End PBXFrameworksBuildPhase section */

/* Begin PBXGroup section */
		0711666E1AC60A93003CA473 /* Products */ = {
			isa = PBXGroup;
			children = (
				071166751AC60A93003CA473 /* Alamofire.framework */,
				071166771AC60A93003CA473 /* Alamofire.framework */,
				071166791AC60A93003CA473 /* Alamofire iOS Tests.xctest */,
				0711667B1AC60A93003CA473 /* Alamofire OSX Tests.xctest */,
			);
			name = Products;
			sourceTree = "<group>";
		};
		07872DB11AB7366800190F5C = {
			isa = PBXGroup;
			children = (
				0711666D1AC60A93003CA473 /* Alamofire.xcodeproj */,
				4054655D1ABCC4A200D2832F /* Spring */,
				07872DBC1AB7366800190F5C /* MateFix */,
				07872DD21AB7366800190F5C /* MateFixTests */,
				07872DBB1AB7366800190F5C /* Products */,
			);
			sourceTree = "<group>";
		};
		07872DBB1AB7366800190F5C /* Products */ = {
			isa = PBXGroup;
			children = (
				07872DBA1AB7366800190F5C /* MateFix.app */,
				07872DCF1AB7366800190F5C /* MateFixTests.xctest */,
			);
			name = Products;
			sourceTree = "<group>";
		};
		07872DBC1AB7366800190F5C /* MateFix */ = {
			isa = PBXGroup;
			children = (
				071166811AC60CBF003CA473 /* SwiftyJSON.swift */,
				0711666B1AC5FB0C003CA473 /* PKNotification.swift */,
				07442B4D1AC100D000C51939 /* MainViewController.swift */,
				070038A31AC8E31C00D66803 /* InitialSignUpViewController.swift */,
				4054655B1ABCC18B00D2832F /* LoginViewController.swift */,
				074C6B591AC247FE00709BC5 /* SignUpViewController.swift */,
				07872DC31AB7366800190F5C /* Main.storyboard */,
				07872DC61AB7366800190F5C /* Images.xcassets */,
				07872DC81AB7366800190F5C /* LaunchScreen.xib */,
				07872DBD1AB7366800190F5C /* Supporting Files */,
			);
			path = MateFix;
			sourceTree = "<group>";
		};
		07872DBD1AB7366800190F5C /* Supporting Files */ = {
			isa = PBXGroup;
			children = (
				07872DBF1AB7366800190F5C /* AppDelegate.swift */,
				07872DBE1AB7366800190F5C /* Info.plist */,
			);
			name = "Supporting Files";
			sourceTree = "<group>";
		};
		07872DD21AB7366800190F5C /* MateFixTests */ = {
			isa = PBXGroup;
			children = (
				07872DD51AB7366800190F5C /* MateFixTests.swift */,
				07872DD31AB7366800190F5C /* Supporting Files */,
			);
			path = MateFixTests;
			sourceTree = "<group>";
		};
		07872DD31AB7366800190F5C /* Supporting Files */ = {
			isa = PBXGroup;
			children = (
				07872DD41AB7366800190F5C /* Info.plist */,
			);
			name = "Supporting Files";
			sourceTree = "<group>";
		};
		4054655D1ABCC4A200D2832F /* Spring */ = {
			isa = PBXGroup;
			children = (
				4054655E1ABCC4A200D2832F /* AsyncButton.swift */,
				4054655F1ABCC4A200D2832F /* AsyncImageView.swift */,
				405465601ABCC4A200D2832F /* BlurView.swift */,
				405465611ABCC4A200D2832F /* DesignableButton.swift */,
				405465621ABCC4A200D2832F /* DesignableImageView.swift */,
				405465631ABCC4A200D2832F /* DesignableLabel.swift */,
				405465641ABCC4A200D2832F /* DesignableTabBarController.swift */,
				405465651ABCC4A200D2832F /* DesignableTextField.swift */,
				405465661ABCC4A200D2832F /* DesignableTextView.swift */,
				405465671ABCC4A200D2832F /* DesignableView.swift */,
				405465681ABCC4A200D2832F /* ImageLoader.swift */,
				405465691ABCC4A200D2832F /* Info.plist */,
				4054656A1ABCC4A200D2832F /* KeyboardLayoutConstraint.swift */,
				4054656B1ABCC4A200D2832F /* LoadingView.swift */,
				4054656C1ABCC4A200D2832F /* LoadingView.xib */,
				4054656D1ABCC4A200D2832F /* Misc.swift */,
				4054656E1ABCC4A200D2832F /* SoundPlayer.swift */,
				4054656F1ABCC4A200D2832F /* Spring.h */,
				405465701ABCC4A200D2832F /* Spring.swift */,
				405465711ABCC4A200D2832F /* SpringAnimation.swift */,
				405465721ABCC4A200D2832F /* SpringButton.swift */,
				405465731ABCC4A200D2832F /* SpringImageView.swift */,
				405465741ABCC4A200D2832F /* SpringLabel.swift */,
				405465751ABCC4A200D2832F /* SpringTextField.swift */,
				405465761ABCC4A200D2832F /* SpringTextView.swift */,
				405465771ABCC4A200D2832F /* SpringView.swift */,
				405465781ABCC4A200D2832F /* TransitionManager.swift */,
				405465791ABCC4A200D2832F /* TransitionZoom.swift */,
				4054657A1ABCC4A200D2832F /* UnwindSegue.swift */,
			);
			path = Spring;
			sourceTree = "<group>";
		};
/* End PBXGroup section */

/* Begin PBXNativeTarget section */
		07872DB91AB7366800190F5C /* MateFix */ = {
			isa = PBXNativeTarget;
			buildConfigurationList = 07872DD91AB7366800190F5C /* Build configuration list for PBXNativeTarget "MateFix" */;
			buildPhases = (
				07872DB61AB7366800190F5C /* Sources */,
				07872DB71AB7366800190F5C /* Frameworks */,
				07872DB81AB7366800190F5C /* Resources */,
				071166801AC60AD9003CA473 /* Embed Frameworks */,
			);
			buildRules = (
			);
			dependencies = (
				0711667F1AC60AD9003CA473 /* PBXTargetDependency */,
			);
			name = MateFix;
			productName = MateFix;
			productReference = 07872DBA1AB7366800190F5C /* MateFix.app */;
			productType = "com.apple.product-type.application";
		};
		07872DCE1AB7366800190F5C /* MateFixTests */ = {
			isa = PBXNativeTarget;
			buildConfigurationList = 07872DDC1AB7366800190F5C /* Build configuration list for PBXNativeTarget "MateFixTests" */;
			buildPhases = (
				07872DCB1AB7366800190F5C /* Sources */,
				07872DCC1AB7366800190F5C /* Frameworks */,
				07872DCD1AB7366800190F5C /* Resources */,
			);
			buildRules = (
			);
			dependencies = (
				07872DD11AB7366800190F5C /* PBXTargetDependency */,
			);
			name = MateFixTests;
			productName = MateFixTests;
			productReference = 07872DCF1AB7366800190F5C /* MateFixTests.xctest */;
			productType = "com.apple.product-type.bundle.unit-test";
		};
/* End PBXNativeTarget section */

/* Begin PBXProject section */
		07872DB21AB7366800190F5C /* Project object */ = {
			isa = PBXProject;
			attributes = {
				LastUpgradeCheck = 0610;
				ORGANIZATIONNAME = "Carlos Ramirez";
				TargetAttributes = {
					07872DB91AB7366800190F5C = {
						CreatedOnToolsVersion = 6.1.1;
					};
					07872DCE1AB7366800190F5C = {
						CreatedOnToolsVersion = 6.1.1;
						TestTargetID = 07872DB91AB7366800190F5C;
					};
				};
			};
			buildConfigurationList = 07872DB51AB7366800190F5C /* Build configuration list for PBXProject "MateFix" */;
			compatibilityVersion = "Xcode 3.2";
			developmentRegion = English;
			hasScannedForEncodings = 0;
			knownRegions = (
				en,
				Base,
			);
			mainGroup = 07872DB11AB7366800190F5C;
			productRefGroup = 07872DBB1AB7366800190F5C /* Products */;
			projectDirPath = "";
			projectReferences = (
				{
					ProductGroup = 0711666E1AC60A93003CA473 /* Products */;
					ProjectRef = 0711666D1AC60A93003CA473 /* Alamofire.xcodeproj */;
				},
			);
			projectRoot = "";
			targets = (
				07872DB91AB7366800190F5C /* MateFix */,
				07872DCE1AB7366800190F5C /* MateFixTests */,
			);
		};
/* End PBXProject section */

/* Begin PBXReferenceProxy section */
		071166751AC60A93003CA473 /* Alamofire.framework */ = {
			isa = PBXReferenceProxy;
			fileType = wrapper.framework;
			path = Alamofire.framework;
			remoteRef = 071166741AC60A93003CA473 /* PBXContainerItemProxy */;
			sourceTree = BUILT_PRODUCTS_DIR;
		};
		071166771AC60A93003CA473 /* Alamofire.framework */ = {
			isa = PBXReferenceProxy;
			fileType = wrapper.framework;
			path = Alamofire.framework;
			remoteRef = 071166761AC60A93003CA473 /* PBXContainerItemProxy */;
			sourceTree = BUILT_PRODUCTS_DIR;
		};
		071166791AC60A93003CA473 /* Alamofire iOS Tests.xctest */ = {
			isa = PBXReferenceProxy;
			fileType = wrapper.cfbundle;
			path = "Alamofire iOS Tests.xctest";
			remoteRef = 071166781AC60A93003CA473 /* PBXContainerItemProxy */;
			sourceTree = BUILT_PRODUCTS_DIR;
		};
		0711667B1AC60A93003CA473 /* Alamofire OSX Tests.xctest */ = {
			isa = PBXReferenceProxy;
			fileType = wrapper.cfbundle;
			path = "Alamofire OSX Tests.xctest";
			remoteRef = 0711667A1AC60A93003CA473 /* PBXContainerItemProxy */;
			sourceTree = BUILT_PRODUCTS_DIR;
		};
/* End PBXReferenceProxy section */

/* Begin PBXResourcesBuildPhase section */
		07872DB81AB7366800190F5C /* Resources */ = {
			isa = PBXResourcesBuildPhase;
			buildActionMask = 2147483647;
			files = (
				405465861ABCC4A200D2832F /* Info.plist in Resources */,
				07872DC51AB7366800190F5C /* Main.storyboard in Resources */,
				07872DCA1AB7366800190F5C /* LaunchScreen.xib in Resources */,
				07872DC71AB7366800190F5C /* Images.xcassets in Resources */,
				405465891ABCC4A200D2832F /* LoadingView.xib in Resources */,
			);
			runOnlyForDeploymentPostprocessing = 0;
		};
		07872DCD1AB7366800190F5C /* Resources */ = {
			isa = PBXResourcesBuildPhase;
			buildActionMask = 2147483647;
			files = (
			);
			runOnlyForDeploymentPostprocessing = 0;
		};
/* End PBXResourcesBuildPhase section */

/* Begin PBXSourcesBuildPhase section */
		07872DB61AB7366800190F5C /* Sources */ = {
			isa = PBXSourcesBuildPhase;
			buildActionMask = 2147483647;
			files = (
				405465951ABCC4A200D2832F /* TransitionZoom.swift in Sources */,
				405465931ABCC4A200D2832F /* SpringView.swift in Sources */,
				4054655C1ABCC18B00D2832F /* LoginViewController.swift in Sources */,
				4054658A1ABCC4A200D2832F /* Misc.swift in Sources */,
				4054658F1ABCC4A200D2832F /* SpringImageView.swift in Sources */,
				405465911ABCC4A200D2832F /* SpringTextField.swift in Sources */,
				07872DC01AB7366800190F5C /* AppDelegate.swift in Sources */,
				4054657D1ABCC4A200D2832F /* BlurView.swift in Sources */,
				405465901ABCC4A200D2832F /* SpringLabel.swift in Sources */,
				4054657B1ABCC4A200D2832F /* AsyncButton.swift in Sources */,
				405465831ABCC4A200D2832F /* DesignableTextView.swift in Sources */,
				071166821AC60CBF003CA473 /* SwiftyJSON.swift in Sources */,
				4054657C1ABCC4A200D2832F /* AsyncImageView.swift in Sources */,
				4054657E1ABCC4A200D2832F /* DesignableButton.swift in Sources */,
				07442B4E1AC100D000C51939 /* MainViewController.swift in Sources */,
				4054658E1ABCC4A200D2832F /* SpringButton.swift in Sources */,
				4054658C1ABCC4A200D2832F /* Spring.swift in Sources */,
				405465801ABCC4A200D2832F /* DesignableLabel.swift in Sources */,
				405465881ABCC4A200D2832F /* LoadingView.swift in Sources */,
				405465941ABCC4A200D2832F /* TransitionManager.swift in Sources */,
				405465841ABCC4A200D2832F /* DesignableView.swift in Sources */,
				405465821ABCC4A200D2832F /* DesignableTextField.swift in Sources */,
				405465811ABCC4A200D2832F /* DesignableTabBarController.swift in Sources */,
				405465921ABCC4A200D2832F /* SpringTextView.swift in Sources */,
				405465871ABCC4A200D2832F /* KeyboardLayoutConstraint.swift in Sources */,
				074C6B5A1AC247FE00709BC5 /* SignUpViewController.swift in Sources */,
				4054657F1ABCC4A200D2832F /* DesignableImageView.swift in Sources */,
				4054658B1ABCC4A200D2832F /* SoundPlayer.swift in Sources */,
				4054658D1ABCC4A200D2832F /* SpringAnimation.swift in Sources */,
				0711666C1AC5FB0C003CA473 /* PKNotification.swift in Sources */,
				070038A41AC8E31C00D66803 /* InitialSignUpViewController.swift in Sources */,
				405465961ABCC4A200D2832F /* UnwindSegue.swift in Sources */,
				405465851ABCC4A200D2832F /* ImageLoader.swift in Sources */,
			);
			runOnlyForDeploymentPostprocessing = 0;
		};
		07872DCB1AB7366800190F5C /* Sources */ = {
			isa = PBXSourcesBuildPhase;
			buildActionMask = 2147483647;
			files = (
				07872DD61AB7366800190F5C /* MateFixTests.swift in Sources */,
			);
			runOnlyForDeploymentPostprocessing = 0;
		};
/* End PBXSourcesBuildPhase section */

/* Begin PBXTargetDependency section */
		0711667F1AC60AD9003CA473 /* PBXTargetDependency */ = {
			isa = PBXTargetDependency;
			name = "Alamofire iOS";
			targetProxy = 0711667E1AC60AD9003CA473 /* PBXContainerItemProxy */;
		};
		07872DD11AB7366800190F5C /* PBXTargetDependency */ = {
			isa = PBXTargetDependency;
			target = 07872DB91AB7366800190F5C /* MateFix */;
			targetProxy = 07872DD01AB7366800190F5C /* PBXContainerItemProxy */;
		};
/* End PBXTargetDependency section */

/* Begin PBXVariantGroup section */
		07872DC31AB7366800190F5C /* Main.storyboard */ = {
			isa = PBXVariantGroup;
			children = (
				07872DC41AB7366800190F5C /* Base */,
			);
			name = Main.storyboard;
			sourceTree = "<group>";
		};
		07872DC81AB7366800190F5C /* LaunchScreen.xib */ = {
			isa = PBXVariantGroup;
			children = (
				07872DC91AB7366800190F5C /* Base */,
			);
			name = LaunchScreen.xib;
			sourceTree = "<group>";
		};
/* End PBXVariantGroup section */

/* Begin XCBuildConfiguration section */
		07872DD71AB7366800190F5C /* Debug */ = {
			isa = XCBuildConfiguration;
			buildSettings = {
				ALWAYS_SEARCH_USER_PATHS = NO;
				CLANG_CXX_LANGUAGE_STANDARD = "gnu++0x";
				CLANG_CXX_LIBRARY = "libc++";
				CLANG_ENABLE_MODULES = YES;
				CLANG_ENABLE_OBJC_ARC = YES;
				CLANG_WARN_BOOL_CONVERSION = YES;
				CLANG_WARN_CONSTANT_CONVERSION = YES;
				CLANG_WARN_DIRECT_OBJC_ISA_USAGE = YES_ERROR;
				CLANG_WARN_EMPTY_BODY = YES;
				CLANG_WARN_ENUM_CONVERSION = YES;
				CLANG_WARN_INT_CONVERSION = YES;
				CLANG_WARN_OBJC_ROOT_CLASS = YES_ERROR;
				CLANG_WARN_UNREACHABLE_CODE = YES;
				CLANG_WARN__DUPLICATE_METHOD_MATCH = YES;
				CODE_SIGN_IDENTITY = "iPhone Developer";
				"CODE_SIGN_IDENTITY[sdk=iphoneos*]" = "iPhone Developer";
				COPY_PHASE_STRIP = NO;
				ENABLE_STRICT_OBJC_MSGSEND = YES;
				GCC_C_LANGUAGE_STANDARD = gnu99;
				GCC_DYNAMIC_NO_PIC = NO;
				GCC_OPTIMIZATION_LEVEL = 0;
				GCC_PREPROCESSOR_DEFINITIONS = (
					"DEBUG=1",
					"$(inherited)",
				);
				GCC_SYMBOLS_PRIVATE_EXTERN = NO;
				GCC_WARN_64_TO_32_BIT_CONVERSION = YES;
				GCC_WARN_ABOUT_RETURN_TYPE = YES_ERROR;
				GCC_WARN_UNDECLARED_SELECTOR = YES;
				GCC_WARN_UNINITIALIZED_AUTOS = YES_AGGRESSIVE;
				GCC_WARN_UNUSED_FUNCTION = YES;
				GCC_WARN_UNUSED_VARIABLE = YES;
				IPHONEOS_DEPLOYMENT_TARGET = 8.1;
				MTL_ENABLE_DEBUG_INFO = YES;
				ONLY_ACTIVE_ARCH = YES;
				SDKROOT = iphoneos;
				SWIFT_OPTIMIZATION_LEVEL = "-Onone";
				TARGETED_DEVICE_FAMILY = "1,2";
			};
			name = Debug;
		};
		07872DD81AB7366800190F5C /* Release */ = {
			isa = XCBuildConfiguration;
			buildSettings = {
				ALWAYS_SEARCH_USER_PATHS = NO;
				CLANG_CXX_LANGUAGE_STANDARD = "gnu++0x";
				CLANG_CXX_LIBRARY = "libc++";
				CLANG_ENABLE_MODULES = YES;
				CLANG_ENABLE_OBJC_ARC = YES;
				CLANG_WARN_BOOL_CONVERSION = YES;
				CLANG_WARN_CONSTANT_CONVERSION = YES;
				CLANG_WARN_DIRECT_OBJC_ISA_USAGE = YES_ERROR;
				CLANG_WARN_EMPTY_BODY = YES;
				CLANG_WARN_ENUM_CONVERSION = YES;
				CLANG_WARN_INT_CONVERSION = YES;
				CLANG_WARN_OBJC_ROOT_CLASS = YES_ERROR;
				CLANG_WARN_UNREACHABLE_CODE = YES;
				CLANG_WARN__DUPLICATE_METHOD_MATCH = YES;
				CODE_SIGN_IDENTITY = "iPhone Developer";
				"CODE_SIGN_IDENTITY[sdk=iphoneos*]" = "iPhone Developer";
				COPY_PHASE_STRIP = YES;
				ENABLE_NS_ASSERTIONS = NO;
				ENABLE_STRICT_OBJC_MSGSEND = YES;
				GCC_C_LANGUAGE_STANDARD = gnu99;
				GCC_WARN_64_TO_32_BIT_CONVERSION = YES;
				GCC_WARN_ABOUT_RETURN_TYPE = YES_ERROR;
				GCC_WARN_UNDECLARED_SELECTOR = YES;
				GCC_WARN_UNINITIALIZED_AUTOS = YES_AGGRESSIVE;
				GCC_WARN_UNUSED_FUNCTION = YES;
				GCC_WARN_UNUSED_VARIABLE = YES;
				IPHONEOS_DEPLOYMENT_TARGET = 8.1;
				MTL_ENABLE_DEBUG_INFO = NO;
				SDKROOT = iphoneos;
				TARGETED_DEVICE_FAMILY = "1,2";
				VALIDATE_PRODUCT = YES;
			};
			name = Release;
		};
		07872DDA1AB7366800190F5C /* Debug */ = {
			isa = XCBuildConfiguration;
			buildSettings = {
				ASSETCATALOG_COMPILER_APPICON_NAME = AppIcon;
				CODE_SIGN_IDENTITY = "iPhone Developer";
				EMBEDDED_CONTENT_CONTAINS_SWIFT = YES;
				INFOPLIST_FILE = MateFix/Info.plist;
				IPHONEOS_DEPLOYMENT_TARGET = 8.0;
				LD_RUNPATH_SEARCH_PATHS = "$(inherited) @executable_path/Frameworks";
				PRODUCT_NAME = "$(TARGET_NAME)";
			};
			name = Debug;
		};
		07872DDB1AB7366800190F5C /* Release */ = {
			isa = XCBuildConfiguration;
			buildSettings = {
				ASSETCATALOG_COMPILER_APPICON_NAME = AppIcon;
				CODE_SIGN_IDENTITY = "iPhone Developer";
				EMBEDDED_CONTENT_CONTAINS_SWIFT = YES;
				INFOPLIST_FILE = MateFix/Info.plist;
				IPHONEOS_DEPLOYMENT_TARGET = 8.0;
				LD_RUNPATH_SEARCH_PATHS = "$(inherited) @executable_path/Frameworks";
				PRODUCT_NAME = "$(TARGET_NAME)";
			};
			name = Release;
		};
		07872DDD1AB7366800190F5C /* Debug */ = {
			isa = XCBuildConfiguration;
			buildSettings = {
				BUNDLE_LOADER = "$(TEST_HOST)";
				FRAMEWORK_SEARCH_PATHS = (
					"$(SDKROOT)/Developer/Library/Frameworks",
					"$(inherited)",
				);
				GCC_PREPROCESSOR_DEFINITIONS = (
					"DEBUG=1",
					"$(inherited)",
				);
				INFOPLIST_FILE = MateFixTests/Info.plist;
				LD_RUNPATH_SEARCH_PATHS = "$(inherited) @executable_path/Frameworks @loader_path/Frameworks";
				PRODUCT_NAME = "$(TARGET_NAME)";
				TEST_HOST = "$(BUILT_PRODUCTS_DIR)/MateFix.app/MateFix";
			};
			name = Debug;
		};
		07872DDE1AB7366800190F5C /* Release */ = {
			isa = XCBuildConfiguration;
			buildSettings = {
				BUNDLE_LOADER = "$(TEST_HOST)";
				FRAMEWORK_SEARCH_PATHS = (
					"$(SDKROOT)/Developer/Library/Frameworks",
					"$(inherited)",
				);
				INFOPLIST_FILE = MateFixTests/Info.plist;
				LD_RUNPATH_SEARCH_PATHS = "$(inherited) @executable_path/Frameworks @loader_path/Frameworks";
				PRODUCT_NAME = "$(TARGET_NAME)";
				TEST_HOST = "$(BUILT_PRODUCTS_DIR)/MateFix.app/MateFix";
			};
			name = Release;
		};
/* End XCBuildConfiguration section */

/* Begin XCConfigurationList section */
		07872DB51AB7366800190F5C /* Build configuration list for PBXProject "MateFix" */ = {
			isa = XCConfigurationList;
			buildConfigurations = (
				07872DD71AB7366800190F5C /* Debug */,
				07872DD81AB7366800190F5C /* Release */,
			);
			defaultConfigurationIsVisible = 0;
			defaultConfigurationName = Release;
		};
		07872DD91AB7366800190F5C /* Build configuration list for PBXNativeTarget "MateFix" */ = {
			isa = XCConfigurationList;
			buildConfigurations = (
				07872DDA1AB7366800190F5C /* Debug */,
				07872DDB1AB7366800190F5C /* Release */,
			);
			defaultConfigurationIsVisible = 0;
			defaultConfigurationName = Release;
		};
		07872DDC1AB7366800190F5C /* Build configuration list for PBXNativeTarget "MateFixTests" */ = {
			isa = XCConfigurationList;
			buildConfigurations = (
				07872DDD1AB7366800190F5C /* Debug */,
				07872DDE1AB7366800190F5C /* Release */,
			);
			defaultConfigurationIsVisible = 0;
			defaultConfigurationName = Release;
		};
/* End XCConfigurationList section */
	};
	rootObject = 07872DB21AB7366800190F5C /* Project object */;
}
